
Microsoft Visual Studio Solution File, Format Version 12.00
# Visual Studio Version 16
VisualStudioVersion = 16.0.31829.152
MinimumVisualStudioVersion = 10.0.40219.1
Project("{FAE04EC0-301F-11D3-BF4B-00C04F79EFBC}") = "ATL Vision System", "ATL Vision System\ATL Vision System.csproj", "{9BEC7608-F968-4EF9-8F0B-D9F2CAE6A6F9}"
EndProject
Global
	GlobalSection(SolutionConfigurationPlatforms) = preSolution
		Debug|Any CPU = Debug|Any CPU
		Debug|x64 = Debug|x64
		Release|Any CPU = Release|Any CPU
		Release|x64 = Release|x64
		VisionDebug|Any CPU = VisionDebug|Any CPU
		VisionDebug|x64 = VisionDebug|x64
	EndGlobalSection
	GlobalSection(ProjectConfigurationPlatforms) = postSolution
		{9BEC7608-F968-4EF9-8F0B-D9F2CAE6A6F9}.Debug|Any CPU.ActiveCfg = Debug|Any CPU
		{9BEC7608-F968-4EF9-8F0B-D9F2CAE6A6F9}.Debug|Any CPU.Build.0 = Debug|Any CPU
		{9BEC7608-F968-4EF9-8F0B-D9F2CAE6A6F9}.Debug|x64.ActiveCfg = Debug|Any CPU
		{9BEC7608-F968-4EF9-8F0B-D9F2CAE6A6F9}.Debug|x64.Build.0 = Debug|Any CPU
		{9BEC7608-F968-4EF9-8F0B-D9F2CAE6A6F9}.Release|Any CPU.ActiveCfg = Release|Any CPU
		{9BEC7608-F968-4EF9-8F0B-D9F2CAE6A6F9}.Release|Any CPU.Build.0 = Release|Any CPU
		{9BEC7608-F968-4EF9-8F0B-D9F2CAE6A6F9}.Release|x64.ActiveCfg = Release|Any CPU
		{9BEC7608-F968-4EF9-8F0B-D9F2CAE6A6F9}.Release|x64.Build.0 = Release|Any CPU
		{9BEC7608-F968-4EF9-8F0B-D9F2CAE6A6F9}.VisionDebug|Any CPU.ActiveCfg = VisionDebug|Any CPU
		{9BEC7608-F968-4EF9-8F0B-D9F2CAE6A6F9}.VisionDebug|Any CPU.Build.0 = VisionDebug|Any CPU
		{9BEC7608-F968-4EF9-8F0B-D9F2CAE6A6F9}.VisionDebug|x64.ActiveCfg = VisionDebug|Any CPU
		{9BEC7608-F968-4EF9-8F0B-D9F2CAE6A6F9}.VisionDebug|x64.Build.0 = VisionDebug|Any CPU
	EndGlobalSection
	GlobalSection(SolutionProperties) = preSolution
		HideSolutionNode = FALSE
	EndGlobalSection
	GlobalSection(ExtensibilityGlobals) = postSolution
		SolutionGuid = {B2B674EB-F980-4130-8E18-DCCE0F3C75F6}
	EndGlobalSection
EndGlobal
